# This file is @generated by PDM.
# It is not intended for manual editing.

[metadata]
groups = ["default"]
strategy = ["cross_platform", "inherit_metadata"]
lock_version = "4.4.1"
content_hash = "sha256:5ebf16f683e669ecd2f4331b8d3abae2077e0f97a59c5c13ed5d2e3d39665c23"

[[package]]
name = "python-osc"
version = "1.8.3"
requires_python = ">=3.7"
summary = "Open Sound Control server and client implementations in pure Python"
groups = ["default"]
files = [
    {file = "python-osc-1.8.3.tar.gz", hash = "sha256:a5ce1ba56c8d82df51cb3f2946b5dd33a70522791acc4b8564e62d2b20ad9caa"},
    {file = "python_osc-1.8.3-py3-none-any.whl", hash = "sha256:6fa7e5cf7690057712c26e5f67a747126e6a5f481a40792aad0f25ac3edee815"},
]
